
Microsoft Visual Studio Solution File, Format Version 12.00
Project("{FAE04EC0-301F-11D3-BF4B-00C04F79EFBC}") = "Kata", "Kata\Kata.csproj", "{FCB16C6A-7615-423C-90A6-3C4339B379DF}"
EndProject
Project("{FAE04EC0-301F-11D3-BF4B-00C04F79EFBC}") = "Kata.Tests", "Kata.Tests\Kata.Tests.csproj", "{8DE4C543-537C-4A7F-BEF5-B61867D0961E}"
EndProject
Global
	GlobalSection(SolutionConfigurationPlatforms) = preSolution
		Debug|Any CPU = Debug|Any CPU
		Release|Any CPU = Release|Any CPU
	EndGlobalSection
	GlobalSection(ProjectConfigurationPlatforms) = postSolution
		{FCB16C6A-7615-423C-90A6-3C4339B379DF}.Debug|Any CPU.ActiveCfg = Debug|Any CPU
		{FCB16C6A-7615-423C-90A6-3C4339B379DF}.Debug|Any CPU.Build.0 = Debug|Any CPU
		{FCB16C6A-7615-423C-90A6-3C4339B379DF}.Release|Any CPU.ActiveCfg = Release|Any CPU
		{FCB16C6A-7615-423C-90A6-3C4339B379DF}.Release|Any CPU.Build.0 = Release|Any CPU
		{8DE4C543-537C-4A7F-BEF5-B61867D0961E}.Debug|Any CPU.ActiveCfg = Debug|Any CPU
		{8DE4C543-537C-4A7F-BEF5-B61867D0961E}.Debug|Any CPU.Build.0 = Debug|Any CPU
		{8DE4C543-537C-4A7F-BEF5-B61867D0961E}.Release|Any CPU.ActiveCfg = Release|Any CPU
		{8DE4C543-537C-4A7F-BEF5-B61867D0961E}.Release|Any CPU.Build.0 = Release|Any CPU
	EndGlobalSection
EndGlobal
